
Microsoft Visual Studio Solution File, Format Version 12.00
# Visual Studio Version 18
VisualStudioVersion = 18.0.11201.2 d18.0
MinimumVisualStudioVersion = 10.0.40219.1
Project("{FAE04EC0-301F-11D3-BF4B-00C04F79EFBC}") = "ImproveGame", "ImproveGame.csproj", "{8B7FC2D6-93B7-1738-4883-BD9B7717B0A0}"
EndProject
Global
	GlobalSection(SolutionConfigurationPlatforms) = preSolution
		Debug|ARM64 = Debug|ARM64
		Release|ARM64 = Release|ARM64
	EndGlobalSection
	GlobalSection(ProjectConfigurationPlatforms) = postSolution
		{8B7FC2D6-93B7-1738-4883-BD9B7717B0A0}.Debug|ARM64.ActiveCfg = Debug|ARM64
		{8B7FC2D6-93B7-1738-4883-BD9B7717B0A0}.Debug|ARM64.Build.0 = Debug|ARM64
		{8B7FC2D6-93B7-1738-4883-BD9B7717B0A0}.Release|ARM64.ActiveCfg = Release|ARM64
		{8B7FC2D6-93B7-1738-4883-BD9B7717B0A0}.Release|ARM64.Build.0 = Release|ARM64
	EndGlobalSection
	GlobalSection(SolutionProperties) = preSolution
		HideSolutionNode = FALSE
	EndGlobalSection
	GlobalSection(ExtensibilityGlobals) = postSolution
		SolutionGuid = {4E3346BA-5734-43BF-B056-0BCFF5EA30CE}
	EndGlobalSection
EndGlobal
